
Microsoft Visual Studio Solution File, Format Version 12.00
# Visual Studio Version 17
VisualStudioVersion = 17.0.31903.59
MinimumVisualStudioVersion = 10.0.40219.1
Project("{2150E333-8FDC-42A3-9474-1A3956D46DE8}") = "src", "src", "{827E0CD3-B72D-47B6-A68D-7590B98EB39B}"
EndProject
Project("{2150E333-8FDC-42A3-9474-1A3956D46DE8}") = "Core", "Core", "{8D626EA8-CB54-BC41-363A-217881BEBA6E}"
EndProject
Project("{FAE04EC0-301F-11D3-BF4B-00C04F79EFBC}") = "ToolEngine.Core.Abstractions", "src\Core\ToolEngine.Core.Abstractions\ToolEngine.Core.Abstractions.csproj", "{74509084-FD5D-49B9-9CCE-77BA51FB2592}"
EndProject
Project("{FAE04EC0-301F-11D3-BF4B-00C04F79EFBC}") = "ToolEngine.Core.Domain", "src\Core\ToolEngine.Core.Domain\ToolEngine.Core.Domain.csproj", "{D30D0451-C982-45FF-B0D9-46BC55C4ECD9}"
EndProject
Project("{2150E333-8FDC-42A3-9474-1A3956D46DE8}") = "Tools", "Tools", "{DCB6FCB8-FF92-AC57-0842-1F72A354D6B1}"
EndProject
Project("{FAE04EC0-301F-11D3-BF4B-00C04F79EFBC}") = "ToolEngine.Tools.Abstractions", "src\Tools\ToolEngine.Tools.Abstractions\ToolEngine.Tools.Abstractions.csproj", "{E46890B6-E549-461A-9135-171D56F899E7}"
EndProject
Project("{FAE04EC0-301F-11D3-BF4B-00C04F79EFBC}") = "ToolEngine.Tools.Registry", "src\Tools\ToolEngine.Tools.Registry\ToolEngine.Tools.Registry.csproj", "{AAC61931-052C-4931-B345-DA4C1B3C892A}"
EndProject
Project("{FAE04EC0-301F-11D3-BF4B-00C04F79EFBC}") = "ToolEngine.Tools.Samples", "src\Tools\ToolEngine.Tools.Samples\ToolEngine.Tools.Samples.csproj", "{D08DDDBB-881A-4F5D-B8E3-2329D05C33D7}"
EndProject
Project("{FAE04EC0-301F-11D3-BF4B-00C04F79EFBC}") = "ToolEngine.Tools.Executor", "src\Tools\ToolEngine.Tools.Executor\ToolEngine.Tools.Executor.csproj", "{13B39DB5-2C3D-4ADB-8A69-9D05578C6986}"
EndProject
Project("{2150E333-8FDC-42A3-9474-1A3956D46DE8}") = "Application", "Application", "{22BAF98C-8415-17C4-B26A-D537657BC863}"
EndProject
Project("{FAE04EC0-301F-11D3-BF4B-00C04F79EFBC}") = "ToolEngine.Application", "src\Application\ToolEngine.Application\ToolEngine.Application.csproj", "{BC4AACCA-51A3-4AF0-A0EC-583E12E72791}"
EndProject
Project("{2150E333-8FDC-42A3-9474-1A3956D46DE8}") = "Infrastructure", "Infrastructure", "{9048EB7F-3875-A59E-E36B-5BD4C6F2A282}"
EndProject
Project("{FAE04EC0-301F-11D3-BF4B-00C04F79EFBC}") = "ToolEngine.Infrastructure", "src\Infrastructure\ToolEngine.Infrastructure\ToolEngine.Infrastructure.csproj", "{965332BE-F34E-494C-A8D7-5F0088AEA268}"
EndProject
Project("{2150E333-8FDC-42A3-9474-1A3956D46DE8}") = "Hosts", "Hosts", "{C79C3622-AC92-5B3C-4F71-0BD0E7B3816F}"
EndProject
Project("{FAE04EC0-301F-11D3-BF4B-00C04F79EFBC}") = "ToolEngine.Api", "src\Hosts\ToolEngine.Api\ToolEngine.Api.csproj", "{9544B298-0AB0-42DA-B26A-4254DFC31F1B}"
EndProject
Project("{FAE04EC0-301F-11D3-BF4B-00C04F79EFBC}") = "ToolEngine.Cli", "src\Hosts\ToolEngine.Cli\ToolEngine.Cli.csproj", "{E58FA495-F082-450A-8494-AEA2EDAB4219}"
EndProject
Global
	GlobalSection(SolutionConfigurationPlatforms) = preSolution
		Debug|Any CPU = Debug|Any CPU
		Debug|x64 = Debug|x64
		Debug|x86 = Debug|x86
		Release|Any CPU = Release|Any CPU
		Release|x64 = Release|x64
		Release|x86 = Release|x86
	EndGlobalSection
	GlobalSection(ProjectConfigurationPlatforms) = postSolution
		{74509084-FD5D-49B9-9CCE-77BA51FB2592}.Debug|Any CPU.ActiveCfg = Debug|Any CPU
		{74509084-FD5D-49B9-9CCE-77BA51FB2592}.Debug|Any CPU.Build.0 = Debug|Any CPU
		{74509084-FD5D-49B9-9CCE-77BA51FB2592}.Debug|x64.ActiveCfg = Debug|Any CPU
		{74509084-FD5D-49B9-9CCE-77BA51FB2592}.Debug|x64.Build.0 = Debug|Any CPU
		{74509084-FD5D-49B9-9CCE-77BA51FB2592}.Debug|x86.ActiveCfg = Debug|Any CPU
		{74509084-FD5D-49B9-9CCE-77BA51FB2592}.Debug|x86.Build.0 = Debug|Any CPU
		{74509084-FD5D-49B9-9CCE-77BA51FB2592}.Release|Any CPU.ActiveCfg = Release|Any CPU
		{74509084-FD5D-49B9-9CCE-77BA51FB2592}.Release|Any CPU.Build.0 = Release|Any CPU
		{74509084-FD5D-49B9-9CCE-77BA51FB2592}.Release|x64.ActiveCfg = Release|Any CPU
		{74509084-FD5D-49B9-9CCE-77BA51FB2592}.Release|x64.Build.0 = Release|Any CPU
		{74509084-FD5D-49B9-9CCE-77BA51FB2592}.Release|x86.ActiveCfg = Release|Any CPU
		{74509084-FD5D-49B9-9CCE-77BA51FB2592}.Release|x86.Build.0 = Release|Any CPU
		{D30D0451-C982-45FF-B0D9-46BC55C4ECD9}.Debug|Any CPU.ActiveCfg = Debug|Any CPU
		{D30D0451-C982-45FF-B0D9-46BC55C4ECD9}.Debug|Any CPU.Build.0 = Debug|Any CPU
		{D30D0451-C982-45FF-B0D9-46BC55C4ECD9}.Debug|x64.ActiveCfg = Debug|Any CPU
		{D30D0451-C982-45FF-B0D9-46BC55C4ECD9}.Debug|x64.Build.0 = Debug|Any CPU
		{D30D0451-C982-45FF-B0D9-46BC55C4ECD9}.Debug|x86.ActiveCfg = Debug|Any CPU
		{D30D0451-C982-45FF-B0D9-46BC55C4ECD9}.Debug|x86.Build.0 = Debug|Any CPU
		{D30D0451-C982-45FF-B0D9-46BC55C4ECD9}.Release|Any CPU.ActiveCfg = Release|Any CPU
		{D30D0451-C982-45FF-B0D9-46BC55C4ECD9}.Release|Any CPU.Build.0 = Release|Any CPU
		{D30D0451-C982-45FF-B0D9-46BC55C4ECD9}.Release|x64.ActiveCfg = Release|Any CPU
		{D30D0451-C982-45FF-B0D9-46BC55C4ECD9}.Release|x64.Build.0 = Release|Any CPU
		{D30D0451-C982-45FF-B0D9-46BC55C4ECD9}.Release|x86.ActiveCfg = Release|Any CPU
		{D30D0451-C982-45FF-B0D9-46BC55C4ECD9}.Release|x86.Build.0 = Release|Any CPU
		{E46890B6-E549-461A-9135-171D56F899E7}.Debug|Any CPU.ActiveCfg = Debug|Any CPU
		{E46890B6-E549-461A-9135-171D56F899E7}.Debug|Any CPU.Build.0 = Debug|Any CPU
		{E46890B6-E549-461A-9135-171D56F899E7}.Debug|x64.ActiveCfg = Debug|Any CPU
		{E46890B6-E549-461A-9135-171D56F899E7}.Debug|x64.Build.0 = Debug|Any CPU
		{E46890B6-E549-461A-9135-171D56F899E7}.Debug|x86.ActiveCfg = Debug|Any CPU
		{E46890B6-E549-461A-9135-171D56F899E7}.Debug|x86.Build.0 = Debug|Any CPU
		{E46890B6-E549-461A-9135-171D56F899E7}.Release|Any CPU.ActiveCfg = Release|Any CPU
		{E46890B6-E549-461A-9135-171D56F899E7}.Release|Any CPU.Build.0 = Release|Any CPU
		{E46890B6-E549-461A-9135-171D56F899E7}.Release|x64.ActiveCfg = Release|Any CPU
		{E46890B6-E549-461A-9135-171D56F899E7}.Release|x64.Build.0 = Release|Any CPU
		{E46890B6-E549-461A-9135-171D56F899E7}.Release|x86.ActiveCfg = Release|Any CPU
		{E46890B6-E549-461A-9135-171D56F899E7}.Release|x86.Build.0 = Release|Any CPU
		{AAC61931-052C-4931-B345-DA4C1B3C892A}.Debug|Any CPU.ActiveCfg = Debug|Any CPU
		{AAC61931-052C-4931-B345-DA4C1B3C892A}.Debug|Any CPU.Build.0 = Debug|Any CPU
		{AAC61931-052C-4931-B345-DA4C1B3C892A}.Debug|x64.ActiveCfg = Debug|Any CPU
		{AAC61931-052C-4931-B345-DA4C1B3C892A}.Debug|x64.Build.0 = Debug|Any CPU
		{AAC61931-052C-4931-B345-DA4C1B3C892A}.Debug|x86.ActiveCfg = Debug|Any CPU
		{AAC61931-052C-4931-B345-DA4C1B3C892A}.Debug|x86.Build.0 = Debug|Any CPU
		{AAC61931-052C-4931-B345-DA4C1B3C892A}.Release|Any CPU.ActiveCfg = Release|Any CPU
		{AAC61931-052C-4931-B345-DA4C1B3C892A}.Release|Any CPU.Build.0 = Release|Any CPU
		{AAC61931-052C-4931-B345-DA4C1B3C892A}.Release|x64.ActiveCfg = Release|Any CPU
		{AAC61931-052C-4931-B345-DA4C1B3C892A}.Release|x64.Build.0 = Release|Any CPU
		{AAC61931-052C-4931-B345-DA4C1B3C892A}.Release|x86.ActiveCfg = Release|Any CPU
		{AAC61931-052C-4931-B345-DA4C1B3C892A}.Release|x86.Build.0 = Release|Any CPU
		{D08DDDBB-881A-4F5D-B8E3-2329D05C33D7}.Debug|Any CPU.ActiveCfg = Debug|Any CPU
		{D08DDDBB-881A-4F5D-B8E3-2329D05C33D7}.Debug|Any CPU.Build.0 = Debug|Any CPU
		{D08DDDBB-881A-4F5D-B8E3-2329D05C33D7}.Debug|x64.ActiveCfg = Debug|Any CPU
		{D08DDDBB-881A-4F5D-B8E3-2329D05C33D7}.Debug|x64.Build.0 = Debug|Any CPU
		{D08DDDBB-881A-4F5D-B8E3-2329D05C33D7}.Debug|x86.ActiveCfg = Debug|Any CPU
		{D08DDDBB-881A-4F5D-B8E3-2329D05C33D7}.Debug|x86.Build.0 = Debug|Any CPU
		{D08DDDBB-881A-4F5D-B8E3-2329D05C33D7}.Release|Any CPU.ActiveCfg = Release|Any CPU
		{D08DDDBB-881A-4F5D-B8E3-2329D05C33D7}.Release|Any CPU.Build.0 = Release|Any CPU
		{D08DDDBB-881A-4F5D-B8E3-2329D05C33D7}.Release|x64.ActiveCfg = Release|Any CPU
		{D08DDDBB-881A-4F5D-B8E3-2329D05C33D7}.Release|x64.Build.0 = Release|Any CPU
		{D08DDDBB-881A-4F5D-B8E3-2329D05C33D7}.Release|x86.ActiveCfg = Release|Any CPU
		{D08DDDBB-881A-4F5D-B8E3-2329D05C33D7}.Release|x86.Build.0 = Release|Any CPU
		{13B39DB5-2C3D-4ADB-8A69-9D05578C6986}.Debug|Any CPU.ActiveCfg = Debug|Any CPU
		{13B39DB5-2C3D-4ADB-8A69-9D05578C6986}.Debug|Any CPU.Build.0 = Debug|Any CPU
		{13B39DB5-2C3D-4ADB-8A69-9D05578C6986}.Debug|x64.ActiveCfg = Debug|Any CPU
		{13B39DB5-2C3D-4ADB-8A69-9D05578C6986}.Debug|x64.Build.0 = Debug|Any CPU
		{13B39DB5-2C3D-4ADB-8A69-9D05578C6986}.Debug|x86.ActiveCfg = Debug|Any CPU
		{13B39DB5-2C3D-4ADB-8A69-9D05578C6986}.Debug|x86.Build.0 = Debug|Any CPU
		{13B39DB5-2C3D-4ADB-8A69-9D05578C6986}.Release|Any CPU.ActiveCfg = Release|Any CPU
		{13B39DB5-2C3D-4ADB-8A69-9D05578C6986}.Release|Any CPU.Build.0 = Release|Any CPU
		{13B39DB5-2C3D-4ADB-8A69-9D05578C6986}.Release|x64.ActiveCfg = Release|Any CPU
		{13B39DB5-2C3D-4ADB-8A69-9D05578C6986}.Release|x64.Build.0 = Release|Any CPU
		{13B39DB5-2C3D-4ADB-8A69-9D05578C6986}.Release|x86.ActiveCfg = Release|Any CPU
		{13B39DB5-2C3D-4ADB-8A69-9D05578C6986}.Release|x86.Build.0 = Release|Any CPU
		{BC4AACCA-51A3-4AF0-A0EC-583E12E72791}.Debug|Any CPU.ActiveCfg = Debug|Any CPU
		{BC4AACCA-51A3-4AF0-A0EC-583E12E72791}.Debug|Any CPU.Build.0 = Debug|Any CPU
		{BC4AACCA-51A3-4AF0-A0EC-583E12E72791}.Debug|x64.ActiveCfg = Debug|Any CPU
		{BC4AACCA-51A3-4AF0-A0EC-583E12E72791}.Debug|x64.Build.0 = Debug|Any CPU
		{BC4AACCA-51A3-4AF0-A0EC-583E12E72791}.Debug|x86.ActiveCfg = Debug|Any CPU
		{BC4AACCA-51A3-4AF0-A0EC-583E12E72791}.Debug|x86.Build.0 = Debug|Any CPU
		{BC4AACCA-51A3-4AF0-A0EC-583E12E72791}.Release|Any CPU.ActiveCfg = Release|Any CPU
		{BC4AACCA-51A3-4AF0-A0EC-583E12E72791}.Release|Any CPU.Build.0 = Release|Any CPU
		{BC4AACCA-51A3-4AF0-A0EC-583E12E72791}.Release|x64.ActiveCfg = Release|Any CPU
		{BC4AACCA-51A3-4AF0-A0EC-583E12E72791}.Release|x64.Build.0 = Release|Any CPU
		{BC4AACCA-51A3-4AF0-A0EC-583E12E72791}.Release|x86.ActiveCfg = Release|Any CPU
		{BC4AACCA-51A3-4AF0-A0EC-583E12E72791}.Release|x86.Build.0 = Release|Any CPU
		{965332BE-F34E-494C-A8D7-5F0088AEA268}.Debug|Any CPU.ActiveCfg = Debug|Any CPU
		{965332BE-F34E-494C-A8D7-5F0088AEA268}.Debug|Any CPU.Build.0 = Debug|Any CPU
		{965332BE-F34E-494C-A8D7-5F0088AEA268}.Debug|x64.ActiveCfg = Debug|Any CPU
		{965332BE-F34E-494C-A8D7-5F0088AEA268}.Debug|x64.Build.0 = Debug|Any CPU
		{965332BE-F34E-494C-A8D7-5F0088AEA268}.Debug|x86.ActiveCfg = Debug|Any CPU
		{965332BE-F34E-494C-A8D7-5F0088AEA268}.Debug|x86.Build.0 = Debug|Any CPU
		{965332BE-F34E-494C-A8D7-5F0088AEA268}.Release|Any CPU.ActiveCfg = Release|Any CPU
		{965332BE-F34E-494C-A8D7-5F0088AEA268}.Release|Any CPU.Build.0 = Release|Any CPU
		{965332BE-F34E-494C-A8D7-5F0088AEA268}.Release|x64.ActiveCfg = Release|Any CPU
		{965332BE-F34E-494C-A8D7-5F0088AEA268}.Release|x64.Build.0 = Release|Any CPU
		{965332BE-F34E-494C-A8D7-5F0088AEA268}.Release|x86.ActiveCfg = Release|Any CPU
		{965332BE-F34E-494C-A8D7-5F0088AEA268}.Release|x86.Build.0 = Release|Any CPU
		{9544B298-0AB0-42DA-B26A-4254DFC31F1B}.Debug|Any CPU.ActiveCfg = Debug|Any CPU
		{9544B298-0AB0-42DA-B26A-4254DFC31F1B}.Debug|Any CPU.Build.0 = Debug|Any CPU
		{9544B298-0AB0-42DA-B26A-4254DFC31F1B}.Debug|x64.ActiveCfg = Debug|Any CPU
		{9544B298-0AB0-42DA-B26A-4254DFC31F1B}.Debug|x64.Build.0 = Debug|Any CPU
		{9544B298-0AB0-42DA-B26A-4254DFC31F1B}.Debug|x86.ActiveCfg = Debug|Any CPU
		{9544B298-0AB0-42DA-B26A-4254DFC31F1B}.Debug|x86.Build.0 = Debug|Any CPU
		{9544B298-0AB0-42DA-B26A-4254DFC31F1B}.Release|Any CPU.ActiveCfg = Release|Any CPU
		{9544B298-0AB0-42DA-B26A-4254DFC31F1B}.Release|Any CPU.Build.0 = Release|Any CPU
		{9544B298-0AB0-42DA-B26A-4254DFC31F1B}.Release|x64.ActiveCfg = Release|Any CPU
		{9544B298-0AB0-42DA-B26A-4254DFC31F1B}.Release|x64.Build.0 = Release|Any CPU
		{9544B298-0AB0-42DA-B26A-4254DFC31F1B}.Release|x86.ActiveCfg = Release|Any CPU
		{9544B298-0AB0-42DA-B26A-4254DFC31F1B}.Release|x86.Build.0 = Release|Any CPU
		{E58FA495-F082-450A-8494-AEA2EDAB4219}.Debug|Any CPU.ActiveCfg = Debug|Any CPU
		{E58FA495-F082-450A-8494-AEA2EDAB4219}.Debug|Any CPU.Build.0 = Debug|Any CPU
		{E58FA495-F082-450A-8494-AEA2EDAB4219}.Debug|x64.ActiveCfg = Debug|Any CPU
		{E58FA495-F082-450A-8494-AEA2EDAB4219}.Debug|x64.Build.0 = Debug|Any CPU
		{E58FA495-F082-450A-8494-AEA2EDAB4219}.Debug|x86.ActiveCfg = Debug|Any CPU
		{E58FA495-F082-450A-8494-AEA2EDAB4219}.Debug|x86.Build.0 = Debug|Any CPU
		{E58FA495-F082-450A-8494-AEA2EDAB4219}.Release|Any CPU.ActiveCfg = Release|Any CPU
		{E58FA495-F082-450A-8494-AEA2EDAB4219}.Release|Any CPU.Build.0 = Release|Any CPU
		{E58FA495-F082-450A-8494-AEA2EDAB4219}.Release|x64.ActiveCfg = Release|Any CPU
		{E58FA495-F082-450A-8494-AEA2EDAB4219}.Release|x64.Build.0 = Release|Any CPU
		{E58FA495-F082-450A-8494-AEA2EDAB4219}.Release|x86.ActiveCfg = Release|Any CPU
		{E58FA495-F082-450A-8494-AEA2EDAB4219}.Release|x86.Build.0 = Release|Any CPU
	EndGlobalSection
	GlobalSection(SolutionProperties) = preSolution
		HideSolutionNode = FALSE
	EndGlobalSection
	GlobalSection(NestedProjects) = preSolution
		{8D626EA8-CB54-BC41-363A-217881BEBA6E} = {827E0CD3-B72D-47B6-A68D-7590B98EB39B}
		{74509084-FD5D-49B9-9CCE-77BA51FB2592} = {8D626EA8-CB54-BC41-363A-217881BEBA6E}
		{D30D0451-C982-45FF-B0D9-46BC55C4ECD9} = {8D626EA8-CB54-BC41-363A-217881BEBA6E}
		{DCB6FCB8-FF92-AC57-0842-1F72A354D6B1} = {827E0CD3-B72D-47B6-A68D-7590B98EB39B}
		{E46890B6-E549-461A-9135-171D56F899E7} = {DCB6FCB8-FF92-AC57-0842-1F72A354D6B1}
		{AAC61931-052C-4931-B345-DA4C1B3C892A} = {DCB6FCB8-FF92-AC57-0842-1F72A354D6B1}
		{D08DDDBB-881A-4F5D-B8E3-2329D05C33D7} = {DCB6FCB8-FF92-AC57-0842-1F72A354D6B1}
		{13B39DB5-2C3D-4ADB-8A69-9D05578C6986} = {DCB6FCB8-FF92-AC57-0842-1F72A354D6B1}
		{22BAF98C-8415-17C4-B26A-D537657BC863} = {827E0CD3-B72D-47B6-A68D-7590B98EB39B}
		{BC4AACCA-51A3-4AF0-A0EC-583E12E72791} = {22BAF98C-8415-17C4-B26A-D537657BC863}
		{9048EB7F-3875-A59E-E36B-5BD4C6F2A282} = {827E0CD3-B72D-47B6-A68D-7590B98EB39B}
		{965332BE-F34E-494C-A8D7-5F0088AEA268} = {9048EB7F-3875-A59E-E36B-5BD4C6F2A282}
		{C79C3622-AC92-5B3C-4F71-0BD0E7B3816F} = {827E0CD3-B72D-47B6-A68D-7590B98EB39B}
		{9544B298-0AB0-42DA-B26A-4254DFC31F1B} = {C79C3622-AC92-5B3C-4F71-0BD0E7B3816F}
		{E58FA495-F082-450A-8494-AEA2EDAB4219} = {C79C3622-AC92-5B3C-4F71-0BD0E7B3816F}
	EndGlobalSection
EndGlobal
